
Microsoft Visual Studio Solution File, Format Version 12.00
# Visual Studio 14
VisualStudioVersion = 14.0.24720.0
MinimumVisualStudioVersion = 10.0.40219.1
Project("{FAE04EC0-301F-11D3-BF4B-00C04F79EFBC}") = "MarketParserNet.Console", "MarketParserNet.Console\MarketParserNet.Console.csproj", "{17E3379E-9C01-4B13-AFBB-46345A6BC69D}"
EndProject
Project("{FAE04EC0-301F-11D3-BF4B-00C04F79EFBC}") = "MarketParserNet.Domain", "MarketParserNet.Domain\MarketParserNet.Domain.csproj", "{9206CEC6-2BAB-4046-82C0-866BFED62B3E}"
EndProject
Project("{FAE04EC0-301F-11D3-BF4B-00C04F79EFBC}") = "MarketParserNet.Framework", "MarketParserNet.Framework\MarketParserNet.Framework.csproj", "{07774426-A2B1-496C-88FF-3E9070CF119D}"
EndProject
Project("{FAE04EC0-301F-11D3-BF4B-00C04F79EFBC}") = "MarketParserNet.Bootstrap", "MarketParserNet.Bootstrap\MarketParserNet.Bootstrap.csproj", "{3F2A266D-F8F8-4F40-A082-B6E954F834EE}"
EndProject
Project("{2150E333-8FDC-42A3-9474-1A3956D46DE8}") = "Parsers", "Parsers", "{0793A0F9-377E-4DBF-9C37-A46277E2C985}"
EndProject
Project("{FAE04EC0-301F-11D3-BF4B-00C04F79EFBC}") = "Tattoys.Parser", "Tattoys.Parser\Tattoys.Parser.csproj", "{B7D08A26-933A-4A77-9036-7A994AF0ABA0}"
EndProject
Project("{FAE04EC0-301F-11D3-BF4B-00C04F79EFBC}") = "Spider.Console", "Spider.Console\Spider.Console.csproj", "{6AC618E8-C73F-4E70-8A9F-71E3D3865113}"
EndProject
Project("{FAE04EC0-301F-11D3-BF4B-00C04F79EFBC}") = "MarketParserNet.Utils", "MarketParserNet.Utils\MarketParserNet.Utils.csproj", "{160CC93E-35E3-4C44-B12E-BB44011A6FBD}"
EndProject
Project("{2150E333-8FDC-42A3-9474-1A3956D46DE8}") = "Tests", "Tests", "{D61F9AAE-1D91-4AC6-BF0F-DB7FEFE44F42}"
EndProject
Project("{FAE04EC0-301F-11D3-BF4B-00C04F79EFBC}") = "MarketParserNet.Test", "MarketParserNet.Test\MarketParserNet.Test.csproj", "{9BBA64E9-DB6B-482C-A042-B5A54AE65596}"
EndProject
Global
	GlobalSection(SolutionConfigurationPlatforms) = preSolution
		Debug|Any CPU = Debug|Any CPU
		Debug|ARM = Debug|ARM
		Debug|x64 = Debug|x64
		Debug|x86 = Debug|x86
		Release|Any CPU = Release|Any CPU
		Release|ARM = Release|ARM
		Release|x64 = Release|x64
		Release|x86 = Release|x86
	EndGlobalSection
	GlobalSection(ProjectConfigurationPlatforms) = postSolution
		{17E3379E-9C01-4B13-AFBB-46345A6BC69D}.Debug|Any CPU.ActiveCfg = Debug|Any CPU
		{17E3379E-9C01-4B13-AFBB-46345A6BC69D}.Debug|Any CPU.Build.0 = Debug|Any CPU
		{17E3379E-9C01-4B13-AFBB-46345A6BC69D}.Debug|ARM.ActiveCfg = Debug|Any CPU
		{17E3379E-9C01-4B13-AFBB-46345A6BC69D}.Debug|ARM.Build.0 = Debug|Any CPU
		{17E3379E-9C01-4B13-AFBB-46345A6BC69D}.Debug|x64.ActiveCfg = Debug|Any CPU
		{17E3379E-9C01-4B13-AFBB-46345A6BC69D}.Debug|x64.Build.0 = Debug|Any CPU
		{17E3379E-9C01-4B13-AFBB-46345A6BC69D}.Debug|x86.ActiveCfg = Debug|Any CPU
		{17E3379E-9C01-4B13-AFBB-46345A6BC69D}.Debug|x86.Build.0 = Debug|Any CPU
		{17E3379E-9C01-4B13-AFBB-46345A6BC69D}.Release|Any CPU.ActiveCfg = Release|Any CPU
		{17E3379E-9C01-4B13-AFBB-46345A6BC69D}.Release|Any CPU.Build.0 = Release|Any CPU
		{17E3379E-9C01-4B13-AFBB-46345A6BC69D}.Release|ARM.ActiveCfg = Release|Any CPU
		{17E3379E-9C01-4B13-AFBB-46345A6BC69D}.Release|ARM.Build.0 = Release|Any CPU
		{17E3379E-9C01-4B13-AFBB-46345A6BC69D}.Release|x64.ActiveCfg = Release|Any CPU
		{17E3379E-9C01-4B13-AFBB-46345A6BC69D}.Release|x64.Build.0 = Release|Any CPU
		{17E3379E-9C01-4B13-AFBB-46345A6BC69D}.Release|x86.ActiveCfg = Release|Any CPU
		{17E3379E-9C01-4B13-AFBB-46345A6BC69D}.Release|x86.Build.0 = Release|Any CPU
		{9206CEC6-2BAB-4046-82C0-866BFED62B3E}.Debug|Any CPU.ActiveCfg = Debug|Any CPU
		{9206CEC6-2BAB-4046-82C0-866BFED62B3E}.Debug|Any CPU.Build.0 = Debug|Any CPU
		{9206CEC6-2BAB-4046-82C0-866BFED62B3E}.Debug|ARM.ActiveCfg = Debug|Any CPU
		{9206CEC6-2BAB-4046-82C0-866BFED62B3E}.Debug|ARM.Build.0 = Debug|Any CPU
		{9206CEC6-2BAB-4046-82C0-866BFED62B3E}.Debug|x64.ActiveCfg = Debug|Any CPU
		{9206CEC6-2BAB-4046-82C0-866BFED62B3E}.Debug|x64.Build.0 = Debug|Any CPU
		{9206CEC6-2BAB-4046-82C0-866BFED62B3E}.Debug|x86.ActiveCfg = Debug|Any CPU
		{9206CEC6-2BAB-4046-82C0-866BFED62B3E}.Debug|x86.Build.0 = Debug|Any CPU
		{9206CEC6-2BAB-4046-82C0-866BFED62B3E}.Release|Any CPU.ActiveCfg = Release|Any CPU
		{9206CEC6-2BAB-4046-82C0-866BFED62B3E}.Release|Any CPU.Build.0 = Release|Any CPU
		{9206CEC6-2BAB-4046-82C0-866BFED62B3E}.Release|ARM.ActiveCfg = Release|Any CPU
		{9206CEC6-2BAB-4046-82C0-866BFED62B3E}.Release|ARM.Build.0 = Release|Any CPU
		{9206CEC6-2BAB-4046-82C0-866BFED62B3E}.Release|x64.ActiveCfg = Release|Any CPU
		{9206CEC6-2BAB-4046-82C0-866BFED62B3E}.Release|x64.Build.0 = Release|Any CPU
		{9206CEC6-2BAB-4046-82C0-866BFED62B3E}.Release|x86.ActiveCfg = Release|Any CPU
		{9206CEC6-2BAB-4046-82C0-866BFED62B3E}.Release|x86.Build.0 = Release|Any CPU
		{07774426-A2B1-496C-88FF-3E9070CF119D}.Debug|Any CPU.ActiveCfg = Debug|Any CPU
		{07774426-A2B1-496C-88FF-3E9070CF119D}.Debug|Any CPU.Build.0 = Debug|Any CPU
		{07774426-A2B1-496C-88FF-3E9070CF119D}.Debug|ARM.ActiveCfg = Debug|Any CPU
		{07774426-A2B1-496C-88FF-3E9070CF119D}.Debug|ARM.Build.0 = Debug|Any CPU
		{07774426-A2B1-496C-88FF-3E9070CF119D}.Debug|x64.ActiveCfg = Debug|Any CPU
		{07774426-A2B1-496C-88FF-3E9070CF119D}.Debug|x64.Build.0 = Debug|Any CPU
		{07774426-A2B1-496C-88FF-3E9070CF119D}.Debug|x86.ActiveCfg = Debug|Any CPU
		{07774426-A2B1-496C-88FF-3E9070CF119D}.Debug|x86.Build.0 = Debug|Any CPU
		{07774426-A2B1-496C-88FF-3E9070CF119D}.Release|Any CPU.ActiveCfg = Release|Any CPU
		{07774426-A2B1-496C-88FF-3E9070CF119D}.Release|Any CPU.Build.0 = Release|Any CPU
		{07774426-A2B1-496C-88FF-3E9070CF119D}.Release|ARM.ActiveCfg = Release|Any CPU
		{07774426-A2B1-496C-88FF-3E9070CF119D}.Release|ARM.Build.0 = Release|Any CPU
		{07774426-A2B1-496C-88FF-3E9070CF119D}.Release|x64.ActiveCfg = Release|Any CPU
		{07774426-A2B1-496C-88FF-3E9070CF119D}.Release|x64.Build.0 = Release|Any CPU
		{07774426-A2B1-496C-88FF-3E9070CF119D}.Release|x86.ActiveCfg = Release|Any CPU
		{07774426-A2B1-496C-88FF-3E9070CF119D}.Release|x86.Build.0 = Release|Any CPU
		{3F2A266D-F8F8-4F40-A082-B6E954F834EE}.Debug|Any CPU.ActiveCfg = Debug|Any CPU
		{3F2A266D-F8F8-4F40-A082-B6E954F834EE}.Debug|Any CPU.Build.0 = Debug|Any CPU
		{3F2A266D-F8F8-4F40-A082-B6E954F834EE}.Debug|ARM.ActiveCfg = Debug|Any CPU
		{3F2A266D-F8F8-4F40-A082-B6E954F834EE}.Debug|ARM.Build.0 = Debug|Any CPU
		{3F2A266D-F8F8-4F40-A082-B6E954F834EE}.Debug|x64.ActiveCfg = Debug|Any CPU
		{3F2A266D-F8F8-4F40-A082-B6E954F834EE}.Debug|x64.Build.0 = Debug|Any CPU
		{3F2A266D-F8F8-4F40-A082-B6E954F834EE}.Debug|x86.ActiveCfg = Debug|Any CPU
		{3F2A266D-F8F8-4F40-A082-B6E954F834EE}.Debug|x86.Build.0 = Debug|Any CPU
		{3F2A266D-F8F8-4F40-A082-B6E954F834EE}.Release|Any CPU.ActiveCfg = Release|Any CPU
		{3F2A266D-F8F8-4F40-A082-B6E954F834EE}.Release|Any CPU.Build.0 = Release|Any CPU
		{3F2A266D-F8F8-4F40-A082-B6E954F834EE}.Release|ARM.ActiveCfg = Release|Any CPU
		{3F2A266D-F8F8-4F40-A082-B6E954F834EE}.Release|ARM.Build.0 = Release|Any CPU
		{3F2A266D-F8F8-4F40-A082-B6E954F834EE}.Release|x64.ActiveCfg = Release|Any CPU
		{3F2A266D-F8F8-4F40-A082-B6E954F834EE}.Release|x64.Build.0 = Release|Any CPU
		{3F2A266D-F8F8-4F40-A082-B6E954F834EE}.Release|x86.ActiveCfg = Release|Any CPU
		{3F2A266D-F8F8-4F40-A082-B6E954F834EE}.Release|x86.Build.0 = Release|Any CPU
		{B7D08A26-933A-4A77-9036-7A994AF0ABA0}.Debug|Any CPU.ActiveCfg = Debug|Any CPU
		{B7D08A26-933A-4A77-9036-7A994AF0ABA0}.Debug|Any CPU.Build.0 = Debug|Any CPU
		{B7D08A26-933A-4A77-9036-7A994AF0ABA0}.Debug|ARM.ActiveCfg = Debug|Any CPU
		{B7D08A26-933A-4A77-9036-7A994AF0ABA0}.Debug|ARM.Build.0 = Debug|Any CPU
		{B7D08A26-933A-4A77-9036-7A994AF0ABA0}.Debug|x64.ActiveCfg = Debug|Any CPU
		{B7D08A26-933A-4A77-9036-7A994AF0ABA0}.Debug|x64.Build.0 = Debug|Any CPU
		{B7D08A26-933A-4A77-9036-7A994AF0ABA0}.Debug|x86.ActiveCfg = Debug|Any CPU
		{B7D08A26-933A-4A77-9036-7A994AF0ABA0}.Debug|x86.Build.0 = Debug|Any CPU
		{B7D08A26-933A-4A77-9036-7A994AF0ABA0}.Release|Any CPU.ActiveCfg = Release|Any CPU
		{B7D08A26-933A-4A77-9036-7A994AF0ABA0}.Release|Any CPU.Build.0 = Release|Any CPU
		{B7D08A26-933A-4A77-9036-7A994AF0ABA0}.Release|ARM.ActiveCfg = Release|Any CPU
		{B7D08A26-933A-4A77-9036-7A994AF0ABA0}.Release|ARM.Build.0 = Release|Any CPU
		{B7D08A26-933A-4A77-9036-7A994AF0ABA0}.Release|x64.ActiveCfg = Release|Any CPU
		{B7D08A26-933A-4A77-9036-7A994AF0ABA0}.Release|x64.Build.0 = Release|Any CPU
		{B7D08A26-933A-4A77-9036-7A994AF0ABA0}.Release|x86.ActiveCfg = Release|Any CPU
		{B7D08A26-933A-4A77-9036-7A994AF0ABA0}.Release|x86.Build.0 = Release|Any CPU
		{6AC618E8-C73F-4E70-8A9F-71E3D3865113}.Debug|Any CPU.ActiveCfg = Debug|Any CPU
		{6AC618E8-C73F-4E70-8A9F-71E3D3865113}.Debug|Any CPU.Build.0 = Debug|Any CPU
		{6AC618E8-C73F-4E70-8A9F-71E3D3865113}.Debug|ARM.ActiveCfg = Debug|Any CPU
		{6AC618E8-C73F-4E70-8A9F-71E3D3865113}.Debug|ARM.Build.0 = Debug|Any CPU
		{6AC618E8-C73F-4E70-8A9F-71E3D3865113}.Debug|x64.ActiveCfg = Debug|Any CPU
		{6AC618E8-C73F-4E70-8A9F-71E3D3865113}.Debug|x64.Build.0 = Debug|Any CPU
		{6AC618E8-C73F-4E70-8A9F-71E3D3865113}.Debug|x86.ActiveCfg = Debug|Any CPU
		{6AC618E8-C73F-4E70-8A9F-71E3D3865113}.Debug|x86.Build.0 = Debug|Any CPU
		{6AC618E8-C73F-4E70-8A9F-71E3D3865113}.Release|Any CPU.ActiveCfg = Release|Any CPU
		{6AC618E8-C73F-4E70-8A9F-71E3D3865113}.Release|Any CPU.Build.0 = Release|Any CPU
		{6AC618E8-C73F-4E70-8A9F-71E3D3865113}.Release|ARM.ActiveCfg = Release|Any CPU
		{6AC618E8-C73F-4E70-8A9F-71E3D3865113}.Release|ARM.Build.0 = Release|Any CPU
		{6AC618E8-C73F-4E70-8A9F-71E3D3865113}.Release|x64.ActiveCfg = Release|Any CPU
		{6AC618E8-C73F-4E70-8A9F-71E3D3865113}.Release|x64.Build.0 = Release|Any CPU
		{6AC618E8-C73F-4E70-8A9F-71E3D3865113}.Release|x86.ActiveCfg = Release|Any CPU
		{6AC618E8-C73F-4E70-8A9F-71E3D3865113}.Release|x86.Build.0 = Release|Any CPU
		{160CC93E-35E3-4C44-B12E-BB44011A6FBD}.Debug|Any CPU.ActiveCfg = Debug|Any CPU
		{160CC93E-35E3-4C44-B12E-BB44011A6FBD}.Debug|Any CPU.Build.0 = Debug|Any CPU
		{160CC93E-35E3-4C44-B12E-BB44011A6FBD}.Debug|ARM.ActiveCfg = Debug|Any CPU
		{160CC93E-35E3-4C44-B12E-BB44011A6FBD}.Debug|ARM.Build.0 = Debug|Any CPU
		{160CC93E-35E3-4C44-B12E-BB44011A6FBD}.Debug|x64.ActiveCfg = Debug|Any CPU
		{160CC93E-35E3-4C44-B12E-BB44011A6FBD}.Debug|x64.Build.0 = Debug|Any CPU
		{160CC93E-35E3-4C44-B12E-BB44011A6FBD}.Debug|x86.ActiveCfg = Debug|Any CPU
		{160CC93E-35E3-4C44-B12E-BB44011A6FBD}.Debug|x86.Build.0 = Debug|Any CPU
		{160CC93E-35E3-4C44-B12E-BB44011A6FBD}.Release|Any CPU.ActiveCfg = Release|Any CPU
		{160CC93E-35E3-4C44-B12E-BB44011A6FBD}.Release|Any CPU.Build.0 = Release|Any CPU
		{160CC93E-35E3-4C44-B12E-BB44011A6FBD}.Release|ARM.ActiveCfg = Release|Any CPU
		{160CC93E-35E3-4C44-B12E-BB44011A6FBD}.Release|ARM.Build.0 = Release|Any CPU
		{160CC93E-35E3-4C44-B12E-BB44011A6FBD}.Release|x64.ActiveCfg = Release|Any CPU
		{160CC93E-35E3-4C44-B12E-BB44011A6FBD}.Release|x64.Build.0 = Release|Any CPU
		{160CC93E-35E3-4C44-B12E-BB44011A6FBD}.Release|x86.ActiveCfg = Release|Any CPU
		{160CC93E-35E3-4C44-B12E-BB44011A6FBD}.Release|x86.Build.0 = Release|Any CPU
		{9BBA64E9-DB6B-482C-A042-B5A54AE65596}.Debug|Any CPU.ActiveCfg = Debug|Any CPU
		{9BBA64E9-DB6B-482C-A042-B5A54AE65596}.Debug|Any CPU.Build.0 = Debug|Any CPU
		{9BBA64E9-DB6B-482C-A042-B5A54AE65596}.Debug|ARM.ActiveCfg = Debug|Any CPU
		{9BBA64E9-DB6B-482C-A042-B5A54AE65596}.Debug|ARM.Build.0 = Debug|Any CPU
		{9BBA64E9-DB6B-482C-A042-B5A54AE65596}.Debug|x64.ActiveCfg = Debug|Any CPU
		{9BBA64E9-DB6B-482C-A042-B5A54AE65596}.Debug|x64.Build.0 = Debug|Any CPU
		{9BBA64E9-DB6B-482C-A042-B5A54AE65596}.Debug|x86.ActiveCfg = Debug|Any CPU
		{9BBA64E9-DB6B-482C-A042-B5A54AE65596}.Debug|x86.Build.0 = Debug|Any CPU
		{9BBA64E9-DB6B-482C-A042-B5A54AE65596}.Release|Any CPU.ActiveCfg = Release|Any CPU
		{9BBA64E9-DB6B-482C-A042-B5A54AE65596}.Release|Any CPU.Build.0 = Release|Any CPU
		{9BBA64E9-DB6B-482C-A042-B5A54AE65596}.Release|ARM.ActiveCfg = Release|Any CPU
		{9BBA64E9-DB6B-482C-A042-B5A54AE65596}.Release|ARM.Build.0 = Release|Any CPU
		{9BBA64E9-DB6B-482C-A042-B5A54AE65596}.Release|x64.ActiveCfg = Release|Any CPU
		{9BBA64E9-DB6B-482C-A042-B5A54AE65596}.Release|x64.Build.0 = Release|Any CPU
		{9BBA64E9-DB6B-482C-A042-B5A54AE65596}.Release|x86.ActiveCfg = Release|Any CPU
		{9BBA64E9-DB6B-482C-A042-B5A54AE65596}.Release|x86.Build.0 = Release|Any CPU
	EndGlobalSection
	GlobalSection(SolutionProperties) = preSolution
		HideSolutionNode = FALSE
	EndGlobalSection
	GlobalSection(NestedProjects) = preSolution
		{B7D08A26-933A-4A77-9036-7A994AF0ABA0} = {0793A0F9-377E-4DBF-9C37-A46277E2C985}
		{9BBA64E9-DB6B-482C-A042-B5A54AE65596} = {D61F9AAE-1D91-4AC6-BF0F-DB7FEFE44F42}
	EndGlobalSection
EndGlobal
